
Microsoft Visual Studio Solution File, Format Version 12.00
# Visual Studio Version 16
VisualStudioVersion = 16.0.31229.75
MinimumVisualStudioVersion = 10.0.40219.1
Project("{9A19103F-16F7-4668-BE54-9A1E7A4F7556}") = "NullableDatePickerTest", "NullableDatePickerTest\NullableDatePickerTest\NullableDatePickerTest.csproj", "{E00BF176-7246-4AA6-9249-C80955C1F9EC}"
EndProject
Project("{FAE04EC0-301F-11D3-BF4B-00C04F79EFBC}") = "NullableDatePickerTest.Android", "NullableDatePickerTest\NullableDatePickerTest.Android\NullableDatePickerTest.Android.csproj", "{A6B04522-37F2-4F1F-ABCE-772F4631F747}"
EndProject
Project("{FAE04EC0-301F-11D3-BF4B-00C04F79EFBC}") = "NullableDatePickerTest.iOS", "NullableDatePickerTest\NullableDatePickerTest.iOS\NullableDatePickerTest.iOS.csproj", "{2873BEAA-7B6D-4F6D-BFCE-5DE7CF92FEC7}"
EndProject
Project("{FAE04EC0-301F-11D3-BF4B-00C04F79EFBC}") = "NullableDatePickerTest.UWP", "NullableDatePickerTest\NullableDatePickerTest.UWP\NullableDatePickerTest.UWP.csproj", "{0C94FA19-4608-4401-B724-2790E957F5EA}"
EndProject
Project("{2150E333-8FDC-42A3-9474-1A3956D46DE8}") = "Solution Items", "Solution Items", "{35C83A53-68C8-483A-8ABC-4095050C26CA}"
	ProjectSection(SolutionItems) = preProject
		README.md = README.md
	EndProjectSection
EndProject
Global
	GlobalSection(SolutionConfigurationPlatforms) = preSolution
		Ad-Hoc|Any CPU = Ad-Hoc|Any CPU
		Ad-Hoc|ARM = Ad-Hoc|ARM
		Ad-Hoc|iPhone = Ad-Hoc|iPhone
		Ad-Hoc|iPhoneSimulator = Ad-Hoc|iPhoneSimulator
		Ad-Hoc|x64 = Ad-Hoc|x64
		Ad-Hoc|x86 = Ad-Hoc|x86
		AppStore|Any CPU = AppStore|Any CPU
		AppStore|ARM = AppStore|ARM
		AppStore|iPhone = AppStore|iPhone
		AppStore|iPhoneSimulator = AppStore|iPhoneSimulator
		AppStore|x64 = AppStore|x64
		AppStore|x86 = AppStore|x86
		Debug|Any CPU = Debug|Any CPU
		Debug|ARM = Debug|ARM
		Debug|iPhone = Debug|iPhone
		Debug|iPhoneSimulator = Debug|iPhoneSimulator
		Debug|x64 = Debug|x64
		Debug|x86 = Debug|x86
		Release|Any CPU = Release|Any CPU
		Release|ARM = Release|ARM
		Release|iPhone = Release|iPhone
		Release|iPhoneSimulator = Release|iPhoneSimulator
		Release|x64 = Release|x64
		Release|x86 = Release|x86
	EndGlobalSection
	GlobalSection(ProjectConfigurationPlatforms) = postSolution
		{E00BF176-7246-4AA6-9249-C80955C1F9EC}.Ad-Hoc|Any CPU.ActiveCfg = Debug|Any CPU
		{E00BF176-7246-4AA6-9249-C80955C1F9EC}.Ad-Hoc|Any CPU.Build.0 = Debug|Any CPU
		{E00BF176-7246-4AA6-9249-C80955C1F9EC}.Ad-Hoc|ARM.ActiveCfg = Debug|Any CPU
		{E00BF176-7246-4AA6-9249-C80955C1F9EC}.Ad-Hoc|ARM.Build.0 = Debug|Any CPU
		{E00BF176-7246-4AA6-9249-C80955C1F9EC}.Ad-Hoc|iPhone.ActiveCfg = Debug|Any CPU
		{E00BF176-7246-4AA6-9249-C80955C1F9EC}.Ad-Hoc|iPhone.Build.0 = Debug|Any CPU
		{E00BF176-7246-4AA6-9249-C80955C1F9EC}.Ad-Hoc|iPhoneSimulator.ActiveCfg = Debug|Any CPU
		{E00BF176-7246-4AA6-9249-C80955C1F9EC}.Ad-Hoc|iPhoneSimulator.Build.0 = Debug|Any CPU
		{E00BF176-7246-4AA6-9249-C80955C1F9EC}.Ad-Hoc|x64.ActiveCfg = Debug|Any CPU
		{E00BF176-7246-4AA6-9249-C80955C1F9EC}.Ad-Hoc|x64.Build.0 = Debug|Any CPU
		{E00BF176-7246-4AA6-9249-C80955C1F9EC}.Ad-Hoc|x86.ActiveCfg = Debug|Any CPU
		{E00BF176-7246-4AA6-9249-C80955C1F9EC}.Ad-Hoc|x86.Build.0 = Debug|Any CPU
		{E00BF176-7246-4AA6-9249-C80955C1F9EC}.AppStore|Any CPU.ActiveCfg = Debug|Any CPU
		{E00BF176-7246-4AA6-9249-C80955C1F9EC}.AppStore|Any CPU.Build.0 = Debug|Any CPU
		{E00BF176-7246-4AA6-9249-C80955C1F9EC}.AppStore|ARM.ActiveCfg = Debug|Any CPU
		{E00BF176-7246-4AA6-9249-C80955C1F9EC}.AppStore|ARM.Build.0 = Debug|Any CPU
		{E00BF176-7246-4AA6-9249-C80955C1F9EC}.AppStore|iPhone.ActiveCfg = Debug|Any CPU
		{E00BF176-7246-4AA6-9249-C80955C1F9EC}.AppStore|iPhone.Build.0 = Debug|Any CPU
		{E00BF176-7246-4AA6-9249-C80955C1F9EC}.AppStore|iPhoneSimulator.ActiveCfg = Debug|Any CPU
		{E00BF176-7246-4AA6-9249-C80955C1F9EC}.AppStore|iPhoneSimulator.Build.0 = Debug|Any CPU
		{E00BF176-7246-4AA6-9249-C80955C1F9EC}.AppStore|x64.ActiveCfg = Debug|Any CPU
		{E00BF176-7246-4AA6-9249-C80955C1F9EC}.AppStore|x64.Build.0 = Debug|Any CPU
		{E00BF176-7246-4AA6-9249-C80955C1F9EC}.AppStore|x86.ActiveCfg = Debug|Any CPU
		{E00BF176-7246-4AA6-9249-C80955C1F9EC}.AppStore|x86.Build.0 = Debug|Any CPU
		{E00BF176-7246-4AA6-9249-C80955C1F9EC}.Debug|Any CPU.ActiveCfg = Debug|Any CPU
		{E00BF176-7246-4AA6-9249-C80955C1F9EC}.Debug|Any CPU.Build.0 = Debug|Any CPU
		{E00BF176-7246-4AA6-9249-C80955C1F9EC}.Debug|ARM.ActiveCfg = Debug|Any CPU
		{E00BF176-7246-4AA6-9249-C80955C1F9EC}.Debug|ARM.Build.0 = Debug|Any CPU
		{E00BF176-7246-4AA6-9249-C80955C1F9EC}.Debug|iPhone.ActiveCfg = Debug|Any CPU
		{E00BF176-7246-4AA6-9249-C80955C1F9EC}.Debug|iPhone.Build.0 = Debug|Any CPU
		{E00BF176-7246-4AA6-9249-C80955C1F9EC}.Debug|iPhoneSimulator.ActiveCfg = Debug|Any CPU
		{E00BF176-7246-4AA6-9249-C80955C1F9EC}.Debug|iPhoneSimulator.Build.0 = Debug|Any CPU
		{E00BF176-7246-4AA6-9249-C80955C1F9EC}.Debug|x64.ActiveCfg = Debug|Any CPU
		{E00BF176-7246-4AA6-9249-C80955C1F9EC}.Debug|x64.Build.0 = Debug|Any CPU
		{E00BF176-7246-4AA6-9249-C80955C1F9EC}.Debug|x86.ActiveCfg = Debug|Any CPU
		{E00BF176-7246-4AA6-9249-C80955C1F9EC}.Debug|x86.Build.0 = Debug|Any CPU
		{E00BF176-7246-4AA6-9249-C80955C1F9EC}.Release|Any CPU.ActiveCfg = Release|Any CPU
		{E00BF176-7246-4AA6-9249-C80955C1F9EC}.Release|Any CPU.Build.0 = Release|Any CPU
		{E00BF176-7246-4AA6-9249-C80955C1F9EC}.Release|ARM.ActiveCfg = Release|Any CPU
		{E00BF176-7246-4AA6-9249-C80955C1F9EC}.Release|ARM.Build.0 = Release|Any CPU
		{E00BF176-7246-4AA6-9249-C80955C1F9EC}.Release|iPhone.ActiveCfg = Release|Any CPU
		{E00BF176-7246-4AA6-9249-C80955C1F9EC}.Release|iPhone.Build.0 = Release|Any CPU
		{E00BF176-7246-4AA6-9249-C80955C1F9EC}.Release|iPhoneSimulator.ActiveCfg = Release|Any CPU
		{E00BF176-7246-4AA6-9249-C80955C1F9EC}.Release|iPhoneSimulator.Build.0 = Release|Any CPU
		{E00BF176-7246-4AA6-9249-C80955C1F9EC}.Release|x64.ActiveCfg = Release|Any CPU
		{E00BF176-7246-4AA6-9249-C80955C1F9EC}.Release|x64.Build.0 = Release|Any CPU
		{E00BF176-7246-4AA6-9249-C80955C1F9EC}.Release|x86.ActiveCfg = Release|Any CPU
		{E00BF176-7246-4AA6-9249-C80955C1F9EC}.Release|x86.Build.0 = Release|Any CPU
		{A6B04522-37F2-4F1F-ABCE-772F4631F747}.Ad-Hoc|Any CPU.ActiveCfg = Debug|Any CPU
		{A6B04522-37F2-4F1F-ABCE-772F4631F747}.Ad-Hoc|Any CPU.Build.0 = Debug|Any CPU
		{A6B04522-37F2-4F1F-ABCE-772F4631F747}.Ad-Hoc|Any CPU.Deploy.0 = Debug|Any CPU
		{A6B04522-37F2-4F1F-ABCE-772F4631F747}.Ad-Hoc|ARM.ActiveCfg = Debug|Any CPU
		{A6B04522-37F2-4F1F-ABCE-772F4631F747}.Ad-Hoc|ARM.Build.0 = Debug|Any CPU
		{A6B04522-37F2-4F1F-ABCE-772F4631F747}.Ad-Hoc|ARM.Deploy.0 = Debug|Any CPU
		{A6B04522-37F2-4F1F-ABCE-772F4631F747}.Ad-Hoc|iPhone.ActiveCfg = Debug|Any CPU
		{A6B04522-37F2-4F1F-ABCE-772F4631F747}.Ad-Hoc|iPhone.Build.0 = Debug|Any CPU
		{A6B04522-37F2-4F1F-ABCE-772F4631F747}.Ad-Hoc|iPhone.Deploy.0 = Debug|Any CPU
		{A6B04522-37F2-4F1F-ABCE-772F4631F747}.Ad-Hoc|iPhoneSimulator.ActiveCfg = Debug|Any CPU
		{A6B04522-37F2-4F1F-ABCE-772F4631F747}.Ad-Hoc|iPhoneSimulator.Build.0 = Debug|Any CPU
		{A6B04522-37F2-4F1F-ABCE-772F4631F747}.Ad-Hoc|iPhoneSimulator.Deploy.0 = Debug|Any CPU
		{A6B04522-37F2-4F1F-ABCE-772F4631F747}.Ad-Hoc|x64.ActiveCfg = Debug|Any CPU
		{A6B04522-37F2-4F1F-ABCE-772F4631F747}.Ad-Hoc|x64.Build.0 = Debug|Any CPU
		{A6B04522-37F2-4F1F-ABCE-772F4631F747}.Ad-Hoc|x64.Deploy.0 = Debug|Any CPU
		{A6B04522-37F2-4F1F-ABCE-772F4631F747}.Ad-Hoc|x86.ActiveCfg = Debug|Any CPU
		{A6B04522-37F2-4F1F-ABCE-772F4631F747}.Ad-Hoc|x86.Build.0 = Debug|Any CPU
		{A6B04522-37F2-4F1F-ABCE-772F4631F747}.Ad-Hoc|x86.Deploy.0 = Debug|Any CPU
		{A6B04522-37F2-4F1F-ABCE-772F4631F747}.AppStore|Any CPU.ActiveCfg = Debug|Any CPU
		{A6B04522-37F2-4F1F-ABCE-772F4631F747}.AppStore|Any CPU.Build.0 = Debug|Any CPU
		{A6B04522-37F2-4F1F-ABCE-772F4631F747}.AppStore|Any CPU.Deploy.0 = Debug|Any CPU
		{A6B04522-37F2-4F1F-ABCE-772F4631F747}.AppStore|ARM.ActiveCfg = Debug|Any CPU
		{A6B04522-37F2-4F1F-ABCE-772F4631F747}.AppStore|ARM.Build.0 = Debug|Any CPU
		{A6B04522-37F2-4F1F-ABCE-772F4631F747}.AppStore|ARM.Deploy.0 = Debug|Any CPU
		{A6B04522-37F2-4F1F-ABCE-772F4631F747}.AppStore|iPhone.ActiveCfg = Debug|Any CPU
		{A6B04522-37F2-4F1F-ABCE-772F4631F747}.AppStore|iPhone.Build.0 = Debug|Any CPU
		{A6B04522-37F2-4F1F-ABCE-772F4631F747}.AppStore|iPhone.Deploy.0 = Debug|Any CPU
		{A6B04522-37F2-4F1F-ABCE-772F4631F747}.AppStore|iPhoneSimulator.ActiveCfg = Debug|Any CPU
		{A6B04522-37F2-4F1F-ABCE-772F4631F747}.AppStore|iPhoneSimulator.Build.0 = Debug|Any CPU
		{A6B04522-37F2-4F1F-ABCE-772F4631F747}.AppStore|iPhoneSimulator.Deploy.0 = Debug|Any CPU
		{A6B04522-37F2-4F1F-ABCE-772F4631F747}.AppStore|x64.ActiveCfg = Debug|Any CPU
		{A6B04522-37F2-4F1F-ABCE-772F4631F747}.AppStore|x64.Build.0 = Debug|Any CPU
		{A6B04522-37F2-4F1F-ABCE-772F4631F747}.AppStore|x64.Deploy.0 = Debug|Any CPU
		{A6B04522-37F2-4F1F-ABCE-772F4631F747}.AppStore|x86.ActiveCfg = Debug|Any CPU
		{A6B04522-37F2-4F1F-ABCE-772F4631F747}.AppStore|x86.Build.0 = Debug|Any CPU
		{A6B04522-37F2-4F1F-ABCE-772F4631F747}.AppStore|x86.Deploy.0 = Debug|Any CPU
		{A6B04522-37F2-4F1F-ABCE-772F4631F747}.Debug|Any CPU.ActiveCfg = Debug|Any CPU
		{A6B04522-37F2-4F1F-ABCE-772F4631F747}.Debug|Any CPU.Build.0 = Debug|Any CPU
		{A6B04522-37F2-4F1F-ABCE-772F4631F747}.Debug|Any CPU.Deploy.0 = Debug|Any CPU
		{A6B04522-37F2-4F1F-ABCE-772F4631F747}.Debug|ARM.ActiveCfg = Debug|Any CPU
		{A6B04522-37F2-4F1F-ABCE-772F4631F747}.Debug|ARM.Build.0 = Debug|Any CPU
		{A6B04522-37F2-4F1F-ABCE-772F4631F747}.Debug|ARM.Deploy.0 = Debug|Any CPU
		{A6B04522-37F2-4F1F-ABCE-772F4631F747}.Debug|iPhone.ActiveCfg = Debug|Any CPU
		{A6B04522-37F2-4F1F-ABCE-772F4631F747}.Debug|iPhone.Build.0 = Debug|Any CPU
		{A6B04522-37F2-4F1F-ABCE-772F4631F747}.Debug|iPhone.Deploy.0 = Debug|Any CPU
		{A6B04522-37F2-4F1F-ABCE-772F4631F747}.Debug|iPhoneSimulator.ActiveCfg = Debug|Any CPU
		{A6B04522-37F2-4F1F-ABCE-772F4631F747}.Debug|iPhoneSimulator.Build.0 = Debug|Any CPU
		{A6B04522-37F2-4F1F-ABCE-772F4631F747}.Debug|iPhoneSimulator.Deploy.0 = Debug|Any CPU
		{A6B04522-37F2-4F1F-ABCE-772F4631F747}.Debug|x64.ActiveCfg = Debug|Any CPU
		{A6B04522-37F2-4F1F-ABCE-772F4631F747}.Debug|x64.Build.0 = Debug|Any CPU
		{A6B04522-37F2-4F1F-ABCE-772F4631F747}.Debug|x64.Deploy.0 = Debug|Any CPU
		{A6B04522-37F2-4F1F-ABCE-772F4631F747}.Debug|x86.ActiveCfg = Debug|Any CPU
		{A6B04522-37F2-4F1F-ABCE-772F4631F747}.Debug|x86.Build.0 = Debug|Any CPU
		{A6B04522-37F2-4F1F-ABCE-772F4631F747}.Debug|x86.Deploy.0 = Debug|Any CPU
		{A6B04522-37F2-4F1F-ABCE-772F4631F747}.Release|Any CPU.ActiveCfg = Release|Any CPU
		{A6B04522-37F2-4F1F-ABCE-772F4631F747}.Release|Any CPU.Build.0 = Release|Any CPU
		{A6B04522-37F2-4F1F-ABCE-772F4631F747}.Release|Any CPU.Deploy.0 = Release|Any CPU
		{A6B04522-37F2-4F1F-ABCE-772F4631F747}.Release|ARM.ActiveCfg = Release|Any CPU
		{A6B04522-37F2-4F1F-ABCE-772F4631F747}.Release|ARM.Build.0 = Release|Any CPU
		{A6B04522-37F2-4F1F-ABCE-772F4631F747}.Release|ARM.Deploy.0 = Release|Any CPU
		{A6B04522-37F2-4F1F-ABCE-772F4631F747}.Release|iPhone.ActiveCfg = Release|Any CPU
		{A6B04522-37F2-4F1F-ABCE-772F4631F747}.Release|iPhone.Build.0 = Release|Any CPU
		{A6B04522-37F2-4F1F-ABCE-772F4631F747}.Release|iPhone.Deploy.0 = Release|Any CPU
		{A6B04522-37F2-4F1F-ABCE-772F4631F747}.Release|iPhoneSimulator.ActiveCfg = Release|Any CPU
		{A6B04522-37F2-4F1F-ABCE-772F4631F747}.Release|iPhoneSimulator.Build.0 = Release|Any CPU
		{A6B04522-37F2-4F1F-ABCE-772F4631F747}.Release|iPhoneSimulator.Deploy.0 = Release|Any CPU
		{A6B04522-37F2-4F1F-ABCE-772F4631F747}.Release|x64.ActiveCfg = Release|Any CPU
		{A6B04522-37F2-4F1F-ABCE-772F4631F747}.Release|x64.Build.0 = Release|Any CPU
		{A6B04522-37F2-4F1F-ABCE-772F4631F747}.Release|x64.Deploy.0 = Release|Any CPU
		{A6B04522-37F2-4F1F-ABCE-772F4631F747}.Release|x86.ActiveCfg = Release|Any CPU
		{A6B04522-37F2-4F1F-ABCE-772F4631F747}.Release|x86.Build.0 = Release|Any CPU
		{A6B04522-37F2-4F1F-ABCE-772F4631F747}.Release|x86.Deploy.0 = Release|Any CPU
		{2873BEAA-7B6D-4F6D-BFCE-5DE7CF92FEC7}.Ad-Hoc|Any CPU.ActiveCfg = Ad-Hoc|iPhoneSimulator
		{2873BEAA-7B6D-4F6D-BFCE-5DE7CF92FEC7}.Ad-Hoc|ARM.ActiveCfg = Ad-Hoc|iPhoneSimulator
		{2873BEAA-7B6D-4F6D-BFCE-5DE7CF92FEC7}.Ad-Hoc|iPhone.ActiveCfg = Ad-Hoc|iPhone
		{2873BEAA-7B6D-4F6D-BFCE-5DE7CF92FEC7}.Ad-Hoc|iPhone.Build.0 = Ad-Hoc|iPhone
		{2873BEAA-7B6D-4F6D-BFCE-5DE7CF92FEC7}.Ad-Hoc|iPhoneSimulator.ActiveCfg = Ad-Hoc|iPhoneSimulator
		{2873BEAA-7B6D-4F6D-BFCE-5DE7CF92FEC7}.Ad-Hoc|iPhoneSimulator.Build.0 = Ad-Hoc|iPhoneSimulator
		{2873BEAA-7B6D-4F6D-BFCE-5DE7CF92FEC7}.Ad-Hoc|x64.ActiveCfg = Ad-Hoc|iPhoneSimulator
		{2873BEAA-7B6D-4F6D-BFCE-5DE7CF92FEC7}.Ad-Hoc|x86.ActiveCfg = Ad-Hoc|iPhoneSimulator
		{2873BEAA-7B6D-4F6D-BFCE-5DE7CF92FEC7}.AppStore|Any CPU.ActiveCfg = AppStore|iPhoneSimulator
		{2873BEAA-7B6D-4F6D-BFCE-5DE7CF92FEC7}.AppStore|ARM.ActiveCfg = AppStore|iPhoneSimulator
		{2873BEAA-7B6D-4F6D-BFCE-5DE7CF92FEC7}.AppStore|iPhone.ActiveCfg = AppStore|iPhone
		{2873BEAA-7B6D-4F6D-BFCE-5DE7CF92FEC7}.AppStore|iPhone.Build.0 = AppStore|iPhone
		{2873BEAA-7B6D-4F6D-BFCE-5DE7CF92FEC7}.AppStore|iPhoneSimulator.ActiveCfg = AppStore|iPhoneSimulator
		{2873BEAA-7B6D-4F6D-BFCE-5DE7CF92FEC7}.AppStore|iPhoneSimulator.Build.0 = AppStore|iPhoneSimulator
		{2873BEAA-7B6D-4F6D-BFCE-5DE7CF92FEC7}.AppStore|x64.ActiveCfg = AppStore|iPhoneSimulator
		{2873BEAA-7B6D-4F6D-BFCE-5DE7CF92FEC7}.AppStore|x86.ActiveCfg = AppStore|iPhoneSimulator
		{2873BEAA-7B6D-4F6D-BFCE-5DE7CF92FEC7}.Debug|Any CPU.ActiveCfg = Debug|iPhoneSimulator
		{2873BEAA-7B6D-4F6D-BFCE-5DE7CF92FEC7}.Debug|ARM.ActiveCfg = Debug|iPhoneSimulator
		{2873BEAA-7B6D-4F6D-BFCE-5DE7CF92FEC7}.Debug|iPhone.ActiveCfg = Debug|iPhone
		{2873BEAA-7B6D-4F6D-BFCE-5DE7CF92FEC7}.Debug|iPhone.Build.0 = Debug|iPhone
		{2873BEAA-7B6D-4F6D-BFCE-5DE7CF92FEC7}.Debug|iPhoneSimulator.ActiveCfg = Debug|iPhoneSimulator
		{2873BEAA-7B6D-4F6D-BFCE-5DE7CF92FEC7}.Debug|iPhoneSimulator.Build.0 = Debug|iPhoneSimulator
		{2873BEAA-7B6D-4F6D-BFCE-5DE7CF92FEC7}.Debug|x64.ActiveCfg = Debug|iPhoneSimulator
		{2873BEAA-7B6D-4F6D-BFCE-5DE7CF92FEC7}.Debug|x86.ActiveCfg = Debug|iPhoneSimulator
		{2873BEAA-7B6D-4F6D-BFCE-5DE7CF92FEC7}.Release|Any CPU.ActiveCfg = Release|iPhoneSimulator
		{2873BEAA-7B6D-4F6D-BFCE-5DE7CF92FEC7}.Release|ARM.ActiveCfg = Release|iPhoneSimulator
		{2873BEAA-7B6D-4F6D-BFCE-5DE7CF92FEC7}.Release|iPhone.ActiveCfg = Release|iPhone
		{2873BEAA-7B6D-4F6D-BFCE-5DE7CF92FEC7}.Release|iPhone.Build.0 = Release|iPhone
		{2873BEAA-7B6D-4F6D-BFCE-5DE7CF92FEC7}.Release|iPhoneSimulator.ActiveCfg = Release|iPhoneSimulator
		{2873BEAA-7B6D-4F6D-BFCE-5DE7CF92FEC7}.Release|iPhoneSimulator.Build.0 = Release|iPhoneSimulator
		{2873BEAA-7B6D-4F6D-BFCE-5DE7CF92FEC7}.Release|x64.ActiveCfg = Release|iPhoneSimulator
		{2873BEAA-7B6D-4F6D-BFCE-5DE7CF92FEC7}.Release|x86.ActiveCfg = Release|iPhoneSimulator
		{0C94FA19-4608-4401-B724-2790E957F5EA}.Ad-Hoc|Any CPU.ActiveCfg = Debug|ARM
		{0C94FA19-4608-4401-B724-2790E957F5EA}.Ad-Hoc|Any CPU.Build.0 = Debug|ARM
		{0C94FA19-4608-4401-B724-2790E957F5EA}.Ad-Hoc|Any CPU.Deploy.0 = Debug|ARM
		{0C94FA19-4608-4401-B724-2790E957F5EA}.Ad-Hoc|ARM.ActiveCfg = Debug|ARM
		{0C94FA19-4608-4401-B724-2790E957F5EA}.Ad-Hoc|ARM.Build.0 = Debug|ARM
		{0C94FA19-4608-4401-B724-2790E957F5EA}.Ad-Hoc|ARM.Deploy.0 = Debug|ARM
		{0C94FA19-4608-4401-B724-2790E957F5EA}.Ad-Hoc|iPhone.ActiveCfg = Debug|ARM
		{0C94FA19-4608-4401-B724-2790E957F5EA}.Ad-Hoc|iPhone.Build.0 = Debug|ARM
		{0C94FA19-4608-4401-B724-2790E957F5EA}.Ad-Hoc|iPhone.Deploy.0 = Debug|ARM
		{0C94FA19-4608-4401-B724-2790E957F5EA}.Ad-Hoc|iPhoneSimulator.ActiveCfg = Debug|ARM
		{0C94FA19-4608-4401-B724-2790E957F5EA}.Ad-Hoc|iPhoneSimulator.Build.0 = Debug|ARM
		{0C94FA19-4608-4401-B724-2790E957F5EA}.Ad-Hoc|iPhoneSimulator.Deploy.0 = Debug|ARM
		{0C94FA19-4608-4401-B724-2790E957F5EA}.Ad-Hoc|x64.ActiveCfg = Debug|x64
		{0C94FA19-4608-4401-B724-2790E957F5EA}.Ad-Hoc|x64.Build.0 = Debug|x64
		{0C94FA19-4608-4401-B724-2790E957F5EA}.Ad-Hoc|x64.Deploy.0 = Debug|x64
		{0C94FA19-4608-4401-B724-2790E957F5EA}.Ad-Hoc|x86.ActiveCfg = Debug|x86
		{0C94FA19-4608-4401-B724-2790E957F5EA}.Ad-Hoc|x86.Build.0 = Debug|x86
		{0C94FA19-4608-4401-B724-2790E957F5EA}.Ad-Hoc|x86.Deploy.0 = Debug|x86
		{0C94FA19-4608-4401-B724-2790E957F5EA}.AppStore|Any CPU.ActiveCfg = Debug|ARM
		{0C94FA19-4608-4401-B724-2790E957F5EA}.AppStore|Any CPU.Build.0 = Debug|ARM
		{0C94FA19-4608-4401-B724-2790E957F5EA}.AppStore|Any CPU.Deploy.0 = Debug|ARM
		{0C94FA19-4608-4401-B724-2790E957F5EA}.AppStore|ARM.ActiveCfg = Debug|ARM
		{0C94FA19-4608-4401-B724-2790E957F5EA}.AppStore|ARM.Build.0 = Debug|ARM
		{0C94FA19-4608-4401-B724-2790E957F5EA}.AppStore|ARM.Deploy.0 = Debug|ARM
		{0C94FA19-4608-4401-B724-2790E957F5EA}.AppStore|iPhone.ActiveCfg = Debug|ARM
		{0C94FA19-4608-4401-B724-2790E957F5EA}.AppStore|iPhone.Build.0 = Debug|ARM
		{0C94FA19-4608-4401-B724-2790E957F5EA}.AppStore|iPhone.Deploy.0 = Debug|ARM
		{0C94FA19-4608-4401-B724-2790E957F5EA}.AppStore|iPhoneSimulator.ActiveCfg = Debug|ARM
		{0C94FA19-4608-4401-B724-2790E957F5EA}.AppStore|iPhoneSimulator.Build.0 = Debug|ARM
		{0C94FA19-4608-4401-B724-2790E957F5EA}.AppStore|iPhoneSimulator.Deploy.0 = Debug|ARM
		{0C94FA19-4608-4401-B724-2790E957F5EA}.AppStore|x64.ActiveCfg = Debug|x64
		{0C94FA19-4608-4401-B724-2790E957F5EA}.AppStore|x64.Build.0 = Debug|x64
		{0C94FA19-4608-4401-B724-2790E957F5EA}.AppStore|x64.Deploy.0 = Debug|x64
		{0C94FA19-4608-4401-B724-2790E957F5EA}.AppStore|x86.ActiveCfg = Debug|x86
		{0C94FA19-4608-4401-B724-2790E957F5EA}.AppStore|x86.Build.0 = Debug|x86
		{0C94FA19-4608-4401-B724-2790E957F5EA}.AppStore|x86.Deploy.0 = Debug|x86
		{0C94FA19-4608-4401-B724-2790E957F5EA}.Debug|Any CPU.ActiveCfg = Debug|x86
		{0C94FA19-4608-4401-B724-2790E957F5EA}.Debug|Any CPU.Build.0 = Debug|x86
		{0C94FA19-4608-4401-B724-2790E957F5EA}.Debug|Any CPU.Deploy.0 = Debug|x86
		{0C94FA19-4608-4401-B724-2790E957F5EA}.Debug|ARM.ActiveCfg = Debug|ARM
		{0C94FA19-4608-4401-B724-2790E957F5EA}.Debug|ARM.Build.0 = Debug|ARM
		{0C94FA19-4608-4401-B724-2790E957F5EA}.Debug|ARM.Deploy.0 = Debug|ARM
		{0C94FA19-4608-4401-B724-2790E957F5EA}.Debug|iPhone.ActiveCfg = Debug|x86
		{0C94FA19-4608-4401-B724-2790E957F5EA}.Debug|iPhoneSimulator.ActiveCfg = Debug|x86
		{0C94FA19-4608-4401-B724-2790E957F5EA}.Debug|x64.ActiveCfg = Debug|x64
		{0C94FA19-4608-4401-B724-2790E957F5EA}.Debug|x64.Build.0 = Debug|x64
		{0C94FA19-4608-4401-B724-2790E957F5EA}.Debug|x64.Deploy.0 = Debug|x64
		{0C94FA19-4608-4401-B724-2790E957F5EA}.Debug|x86.ActiveCfg = Debug|x86
		{0C94FA19-4608-4401-B724-2790E957F5EA}.Debug|x86.Build.0 = Debug|x86
		{0C94FA19-4608-4401-B724-2790E957F5EA}.Debug|x86.Deploy.0 = Debug|x86
		{0C94FA19-4608-4401-B724-2790E957F5EA}.Release|Any CPU.ActiveCfg = Release|x86
		{0C94FA19-4608-4401-B724-2790E957F5EA}.Release|ARM.ActiveCfg = Release|ARM
		{0C94FA19-4608-4401-B724-2790E957F5EA}.Release|ARM.Build.0 = Release|ARM
		{0C94FA19-4608-4401-B724-2790E957F5EA}.Release|ARM.Deploy.0 = Release|ARM
		{0C94FA19-4608-4401-B724-2790E957F5EA}.Release|iPhone.ActiveCfg = Release|x86
		{0C94FA19-4608-4401-B724-2790E957F5EA}.Release|iPhoneSimulator.ActiveCfg = Release|x86
		{0C94FA19-4608-4401-B724-2790E957F5EA}.Release|x64.ActiveCfg = Release|x64
		{0C94FA19-4608-4401-B724-2790E957F5EA}.Release|x64.Build.0 = Release|x64
		{0C94FA19-4608-4401-B724-2790E957F5EA}.Release|x64.Deploy.0 = Release|x64
		{0C94FA19-4608-4401-B724-2790E957F5EA}.Release|x86.ActiveCfg = Release|x86
		{0C94FA19-4608-4401-B724-2790E957F5EA}.Release|x86.Build.0 = Release|x86
		{0C94FA19-4608-4401-B724-2790E957F5EA}.Release|x86.Deploy.0 = Release|x86
	EndGlobalSection
	GlobalSection(SolutionProperties) = preSolution
		HideSolutionNode = FALSE
	EndGlobalSection
	GlobalSection(ExtensibilityGlobals) = postSolution
		SolutionGuid = {5D680FCD-C4FC-45B8-8DF6-58950E3170D8}
	EndGlobalSection
EndGlobal
